
Microsoft Visual Studio Solution File, Format Version 11.00
# Visual Studio 2010
Project("{F184B08F-C81C-45F6-A57F-5ABD9991F28F}") = "OCM.BBISWebParts", "OCM.BBISWebPartsVB\OCM.BBISWebParts.vbproj", "{341B61C3-4100-435F-A6B2-AF05B3CA94AE}"
EndProject
Project("{FAE04EC0-301F-11D3-BF4B-00C04F79EFBC}") = "OCM.BBISWebPartsC", "OCM.BBISWebPartsC\OCM.BBISWebPartsC.csproj", "{A39D4C52-26CB-445B-B05B-BF4923984275}"
EndProject
Global
	GlobalSection(SolutionConfigurationPlatforms) = preSolution
		Debug|Any CPU = Debug|Any CPU
		Release|Any CPU = Release|Any CPU
	EndGlobalSection
	GlobalSection(ProjectConfigurationPlatforms) = postSolution
		{341B61C3-4100-435F-A6B2-AF05B3CA94AE}.Debug|Any CPU.ActiveCfg = Debug|Any CPU
		{341B61C3-4100-435F-A6B2-AF05B3CA94AE}.Debug|Any CPU.Build.0 = Debug|Any CPU
		{341B61C3-4100-435F-A6B2-AF05B3CA94AE}.Release|Any CPU.ActiveCfg = Release|Any CPU
		{341B61C3-4100-435F-A6B2-AF05B3CA94AE}.Release|Any CPU.Build.0 = Release|Any CPU
		{A39D4C52-26CB-445B-B05B-BF4923984275}.Debug|Any CPU.ActiveCfg = Debug|Any CPU
		{A39D4C52-26CB-445B-B05B-BF4923984275}.Debug|Any CPU.Build.0 = Debug|Any CPU
		{A39D4C52-26CB-445B-B05B-BF4923984275}.Release|Any CPU.ActiveCfg = Release|Any CPU
		{A39D4C52-26CB-445B-B05B-BF4923984275}.Release|Any CPU.Build.0 = Release|Any CPU
	EndGlobalSection
	GlobalSection(SolutionProperties) = preSolution
		HideSolutionNode = FALSE
	EndGlobalSection
EndGlobal
